
Microsoft Visual Studio Solution File, Format Version 12.00
# Visual Studio Version 17
VisualStudioVersion = 17.14.36121.58 d17.14
MinimumVisualStudioVersion = 10.0.40219.1
Project("{FAE04EC0-301F-11D3-BF4B-00C04F79EFBC}") = "GymManagementApplication", "GymManagementApplication\GymManagementApplication.csproj", "{A4CAEE23-7AAE-4A45-9BFE-74482339A5E2}"
EndProject
Global
	GlobalSection(SolutionConfigurationPlatforms) = preSolution
		Debug|Any CPU = Debug|Any CPU
		Release|Any CPU = Release|Any CPU
	EndGlobalSection
	GlobalSection(ProjectConfigurationPlatforms) = postSolution
		{A4CAEE23-7AAE-4A45-9BFE-74482339A5E2}.Debug|Any CPU.ActiveCfg = Debug|Any CPU
		{A4CAEE23-7AAE-4A45-9BFE-74482339A5E2}.Debug|Any CPU.Build.0 = Debug|Any CPU
		{A4CAEE23-7AAE-4A45-9BFE-74482339A5E2}.Release|Any CPU.ActiveCfg = Release|Any CPU
		{A4CAEE23-7AAE-4A45-9BFE-74482339A5E2}.Release|Any CPU.Build.0 = Release|Any CPU
	EndGlobalSection
	GlobalSection(SolutionProperties) = preSolution
		HideSolutionNode = FALSE
	EndGlobalSection
	GlobalSection(ExtensibilityGlobals) = postSolution
		SolutionGuid = {E29BF7F1-DD0E-4504-9640-A68B7F33989B}
	EndGlobalSection
EndGlobal
